// !$*UTF8*$!
{
	archiveVersion = 1;
	classes = {
	};
	objectVersion = 52;
	objects = {

/* Begin PBXBuildFile section */
		147436993756C1785B35931C /* Pods_saucialApp__macOS_.framework in Frameworks */ = {isa = PBXBuildFile; fileRef = 85487102A094E0B3B7801A0D /* Pods_saucialApp__macOS_.framework */; };
		3F468D2C2624E54F00BF3763 /* Wave.swift in Sources */ = {isa = PBXBuildFile; fileRef = 3F468D2B2624E54E00BF3763 /* Wave.swift */; };
		3F468D2D2624E54F00BF3763 /* Wave.swift in Sources */ = {isa = PBXBuildFile; fileRef = 3F468D2B2624E54E00BF3763 /* Wave.swift */; };
		3F468D332624E56800BF3763 /* SliderData.swift in Sources */ = {isa = PBXBuildFile; fileRef = 3F468D322624E56800BF3763 /* SliderData.swift */; };
		3F468D342624E56800BF3763 /* SliderData.swift in Sources */ = {isa = PBXBuildFile; fileRef = 3F468D322624E56800BF3763 /* SliderData.swift */; };
		3F468D3A2624E59D00BF3763 /* LiquidSwiper.swift in Sources */ = {isa = PBXBuildFile; fileRef = 3F468D392624E59D00BF3763 /* LiquidSwiper.swift */; };
		3F468D3B2624E59D00BF3763 /* LiquidSwiper.swift in Sources */ = {isa = PBXBuildFile; fileRef = 3F468D392624E59D00BF3763 /* LiquidSwiper.swift */; };
		3F48D1F6262B42B500E33ED4 /* TinyAdView.swift in Sources */ = {isa = PBXBuildFile; fileRef = 3F48D1F5262B42B500E33ED4 /* TinyAdView.swift */; };
		3F48D1F7262B42B500E33ED4 /* TinyAdView.swift in Sources */ = {isa = PBXBuildFile; fileRef = 3F48D1F5262B42B500E33ED4 /* TinyAdView.swift */; };
		3F48D320262C94DE00E33ED4 /* GoogleService-Info.plist in Resources */ = {isa = PBXBuildFile; fileRef = 3F48D31F262C94DE00E33ED4 /* GoogleService-Info.plist */; };
		3F48D326262C954F00E33ED4 /* tileOverlay.json in Resources */ = {isa = PBXBuildFile; fileRef = 3F48D325262C954F00E33ED4 /* tileOverlay.json */; };
		3F48D33E262D515900E33ED4 /* FirebaseAnalyticsTracker.swift in Sources */ = {isa = PBXBuildFile; fileRef = 3F48D33D262D515900E33ED4 /* FirebaseAnalyticsTracker.swift */; };
		3F52CF34262D791200899162 /* Assets.xcassets in Resources */ = {isa = PBXBuildFile; fileRef = 3F52CF33262D791200899162 /* Assets.xcassets */; };
		3F52CF5D262DAA2500899162 /* Instantiate in Frameworks */ = {isa = PBXBuildFile; productRef = 3F52CF5C262DAA2500899162 /* Instantiate */; };
		3F52CF5F262DAA2500899162 /* InstantiateStandard in Frameworks */ = {isa = PBXBuildFile; productRef = 3F52CF5E262DAA2500899162 /* InstantiateStandard */; };
		3F67209525FCE29800149D17 /* TestView.swift in Sources */ = {isa = PBXBuildFile; fileRef = 3F67209425FCE29800149D17 /* TestView.swift */; };
		3F67209625FCE29800149D17 /* TestView.swift in Sources */ = {isa = PBXBuildFile; fileRef = 3F67209425FCE29800149D17 /* TestView.swift */; };
		3F6720AC25FD0B8300149D17 /* ImageDownloader.swift in Sources */ = {isa = PBXBuildFile; fileRef = 3F6720AB25FD0B8300149D17 /* ImageDownloader.swift */; };
		3F6720AD25FD0B8300149D17 /* ImageDownloader.swift in Sources */ = {isa = PBXBuildFile; fileRef = 3F6720AB25FD0B8300149D17 /* ImageDownloader.swift */; };
		3F6720B325FD0BB600149D17 /* SaunaSmallView.swift in Sources */ = {isa = PBXBuildFile; fileRef = 3F6720B225FD0BB600149D17 /* SaunaSmallView.swift */; };
		3F6720B425FD0BB600149D17 /* SaunaSmallView.swift in Sources */ = {isa = PBXBuildFile; fileRef = 3F6720B225FD0BB600149D17 /* SaunaSmallView.swift */; };
		3F6720C225FE4C4200149D17 /* WentButtonView.swift in Sources */ = {isa = PBXBuildFile; fileRef = 3F6720C125FE4C4200149D17 /* WentButtonView.swift */; };
		3F6720C325FE4C4200149D17 /* WentButtonView.swift in Sources */ = {isa = PBXBuildFile; fileRef = 3F6720C125FE4C4200149D17 /* WentButtonView.swift */; };
		3F6720CD25FE4CA700149D17 /* WentButtonViewModel.swift in Sources */ = {isa = PBXBuildFile; fileRef = 3F6720CC25FE4CA700149D17 /* WentButtonViewModel.swift */; };
		3F6720CE25FE4CA700149D17 /* WentButtonViewModel.swift in Sources */ = {isa = PBXBuildFile; fileRef = 3F6720CC25FE4CA700149D17 /* WentButtonViewModel.swift */; };
		3F6720D825FE57B000149D17 /* Went.swift in Sources */ = {isa = PBXBuildFile; fileRef = 3F6720D725FE57B000149D17 /* Went.swift */; };
		3F6720D925FE57B000149D17 /* Went.swift in Sources */ = {isa = PBXBuildFile; fileRef = 3F6720D725FE57B000149D17 /* Went.swift */; };
		3F72BCCE260EA0E00076BE7F /* SaunaView.swift in Sources */ = {isa = PBXBuildFile; fileRef = 3F72BCCD260EA0E00076BE7F /* SaunaView.swift */; };
		3F72BCCF260EA0E00076BE7F /* SaunaView.swift in Sources */ = {isa = PBXBuildFile; fileRef = 3F72BCCD260EA0E00076BE7F /* SaunaView.swift */; };
		3F72BCD5260EAB110076BE7F /* SaunaViewModel.swift in Sources */ = {isa = PBXBuildFile; fileRef = 3F72BCD4260EAB110076BE7F /* SaunaViewModel.swift */; };
		3F72BCD6260EAB110076BE7F /* SaunaViewModel.swift in Sources */ = {isa = PBXBuildFile; fileRef = 3F72BCD4260EAB110076BE7F /* SaunaViewModel.swift */; };
		3F72BCE9260F9D170076BE7F /* SwiftUIPager in Frameworks */ = {isa = PBXBuildFile; productRef = 3F72BCE8260F9D170076BE7F /* SwiftUIPager */; };
		3F72BCEF260F9FCD0076BE7F /* API.swift in Sources */ = {isa = PBXBuildFile; fileRef = 3F72BCEE260F9FCD0076BE7F /* API.swift */; };
		3F72BCF0260F9FCD0076BE7F /* API.swift in Sources */ = {isa = PBXBuildFile; fileRef = 3F72BCEE260F9FCD0076BE7F /* API.swift */; };
		3F72BCFD260FBAD20076BE7F /* MapView.swift in Sources */ = {isa = PBXBuildFile; fileRef = 3F72BCFC260FBAD20076BE7F /* MapView.swift */; };
		3F72BCFE260FBAD20076BE7F /* MapView.swift in Sources */ = {isa = PBXBuildFile; fileRef = 3F72BCFC260FBAD20076BE7F /* MapView.swift */; };
		3F72BD8C2610325A0076BE7F /* Cluster in Frameworks */ = {isa = PBXBuildFile; productRef = 3F72BD8B2610325A0076BE7F /* Cluster */; };
		3F72BD9B26103DD30076BE7F /* Neumorphic in Frameworks */ = {isa = PBXBuildFile; productRef = 3F72BD9A26103DD30076BE7F /* Neumorphic */; };
		3F99420C2609343D0078888C /* URLQueryItemsCoder in Frameworks */ = {isa = PBXBuildFile; productRef = 3F99420B2609343D0078888C /* URLQueryItemsCoder */; };
		3F99421226094D7E0078888C /* SaunaMapView.swift in Sources */ = {isa = PBXBuildFile; fileRef = 3F99421126094D7E0078888C /* SaunaMapView.swift */; };
		3F99421326094D7E0078888C /* SaunaMapView.swift in Sources */ = {isa = PBXBuildFile; fileRef = 3F99421126094D7E0078888C /* SaunaMapView.swift */; };
		3F99421A260958AE0078888C /* GoogleMapsTileOverlay in Frameworks */ = {isa = PBXBuildFile; productRef = 3F994219260958AE0078888C /* GoogleMapsTileOverlay */; };
		3F994227260985740078888C /* MapViewModel.swift in Sources */ = {isa = PBXBuildFile; fileRef = 3F994226260985740078888C /* MapViewModel.swift */; };
		3F994228260985740078888C /* MapViewModel.swift in Sources */ = {isa = PBXBuildFile; fileRef = 3F994226260985740078888C /* MapViewModel.swift */; };
		3F99423E260BF2AC0078888C /* KeyboardObserving in Frameworks */ = {isa = PBXBuildFile; productRef = 3F99423D260BF2AC0078888C /* KeyboardObserving */; };
		3F994248260CF4E60078888C /* resultCardRoomsView.swift in Sources */ = {isa = PBXBuildFile; fileRef = 3F994247260CF4E60078888C /* resultCardRoomsView.swift */; };
		3F994249260CF4E60078888C /* resultCardRoomsView.swift in Sources */ = {isa = PBXBuildFile; fileRef = 3F994247260CF4E60078888C /* resultCardRoomsView.swift */; };
		3F994257260D15BA0078888C /* searchView.swift in Sources */ = {isa = PBXBuildFile; fileRef = 3F994256260D15BA0078888C /* searchView.swift */; };
		3F994258260D15BA0078888C /* searchView.swift in Sources */ = {isa = PBXBuildFile; fileRef = 3F994256260D15BA0078888C /* searchView.swift */; };
		3F99425E260E17780078888C /* SaunasView.swift in Sources */ = {isa = PBXBuildFile; fileRef = 3F99425D260E17770078888C /* SaunasView.swift */; };
		3F99425F260E17780078888C /* SaunasView.swift in Sources */ = {isa = PBXBuildFile; fileRef = 3F99425D260E17770078888C /* SaunasView.swift */; };
		3FABDFEE2628823300B0B09A /* RxSwift in Frameworks */ = {isa = PBXBuildFile; productRef = 3FABDFED2628823300B0B09A /* RxSwift */; };
		3FABDFF02628823300B0B09A /* RxRelay in Frameworks */ = {isa = PBXBuildFile; productRef = 3FABDFEF2628823300B0B09A /* RxRelay */; };
		3FABDFF22628823300B0B09A /* RxCocoa in Frameworks */ = {isa = PBXBuildFile; productRef = 3FABDFF12628823300B0B09A /* RxCocoa */; };
		3FABDFF42628823300B0B09A /* RxBlocking in Frameworks */ = {isa = PBXBuildFile; productRef = 3FABDFF32628823300B0B09A /* RxBlocking */; };
		3FB95A2E25FB40A30071C9B6 /* Auth.swift in Sources */ = {isa = PBXBuildFile; fileRef = 3FB95A2D25FB40A30071C9B6 /* Auth.swift */; };
		3FC2DF2125F9D8380080D98F /* Tests_iOS.swift in Sources */ = {isa = PBXBuildFile; fileRef = 3FC2DF2025F9D8380080D98F /* Tests_iOS.swift */; };
		3FC2DF2C25F9D8380080D98F /* Tests_macOS.swift in Sources */ = {isa = PBXBuildFile; fileRef = 3FC2DF2B25F9D8380080D98F /* Tests_macOS.swift */; };
		3FC2DF2E25F9D8380080D98F /* saucialAppApp.swift in Sources */ = {isa = PBXBuildFile; fileRef = 3FC2DF0525F9D8350080D98F /* saucialAppApp.swift */; };
		3FC2DF2F25F9D8380080D98F /* saucialAppApp.swift in Sources */ = {isa = PBXBuildFile; fileRef = 3FC2DF0525F9D8350080D98F /* saucialAppApp.swift */; };
		3FC2DF3025F9D8380080D98F /* LaunchScreenView.swift in Sources */ = {isa = PBXBuildFile; fileRef = 3FC2DF0625F9D8350080D98F /* LaunchScreenView.swift */; };
		3FC2DF3125F9D8380080D98F /* LaunchScreenView.swift in Sources */ = {isa = PBXBuildFile; fileRef = 3FC2DF0625F9D8350080D98F /* LaunchScreenView.swift */; };
		3FC2DF3225F9D8380080D98F /* Assets.xcassets in Resources */ = {isa = PBXBuildFile; fileRef = 3FC2DF0725F9D8380080D98F /* Assets.xcassets */; };
		3FC2DF3325F9D8380080D98F /* Assets.xcassets in Resources */ = {isa = PBXBuildFile; fileRef = 3FC2DF0725F9D8380080D98F /* Assets.xcassets */; };
		3FC2DF8625F9E56E0080D98F /* SignUpView.swift in Sources */ = {isa = PBXBuildFile; fileRef = 3FC2DF8525F9E56E0080D98F /* SignUpView.swift */; };
		3FC2DF8725F9E56E0080D98F /* SignUpView.swift in Sources */ = {isa = PBXBuildFile; fileRef = 3FC2DF8525F9E56E0080D98F /* SignUpView.swift */; };
		3FC2DF8D25F9EBCA0080D98F /* SignInView.swift in Sources */ = {isa = PBXBuildFile; fileRef = 3FC2DF8C25F9EBCA0080D98F /* SignInView.swift */; };
		3FC2DF8E25F9EBCA0080D98F /* SignInView.swift in Sources */ = {isa = PBXBuildFile; fileRef = 3FC2DF8C25F9EBCA0080D98F /* SignInView.swift */; };
		3FC2DF9425F9EEA00080D98F /* Extension.swift in Sources */ = {isa = PBXBuildFile; fileRef = 3FC2DF9325F9EEA00080D98F /* Extension.swift */; };
		3FC2DF9525F9EEA00080D98F /* Extension.swift in Sources */ = {isa = PBXBuildFile; fileRef = 3FC2DF9325F9EEA00080D98F /* Extension.swift */; };
		3FD3D0CD25FB8C0300748910 /* AuthViewModele.swift in Sources */ = {isa = PBXBuildFile; fileRef = 3FD3D0CC25FB8C0300748910 /* AuthViewModele.swift */; };
		3FD3D0CE25FB8C0300748910 /* AuthViewModele.swift in Sources */ = {isa = PBXBuildFile; fileRef = 3FD3D0CC25FB8C0300748910 /* AuthViewModele.swift */; };
		3FD3D0E925FB8F4F00748910 /* HomeView.swift in Sources */ = {isa = PBXBuildFile; fileRef = 3FD3D0E825FB8F4F00748910 /* HomeView.swift */; };
		3FD3D0EA25FB8F4F00748910 /* HomeView.swift in Sources */ = {isa = PBXBuildFile; fileRef = 3FD3D0E825FB8F4F00748910 /* HomeView.swift */; };
		3FD3D0FD25FBA20200748910 /* WentSaunaView.swift in Sources */ = {isa = PBXBuildFile; fileRef = 3FD3D0FC25FBA20200748910 /* WentSaunaView.swift */; };
		3FD3D0FE25FBA20200748910 /* WentSaunaView.swift in Sources */ = {isa = PBXBuildFile; fileRef = 3FD3D0FC25FBA20200748910 /* WentSaunaView.swift */; };
		3FD3D10825FBBC4800748910 /* Tabs.swift in Sources */ = {isa = PBXBuildFile; fileRef = 3FD3D10725FBBC4800748910 /* Tabs.swift */; };
		3FD3D10925FBBC4800748910 /* Tabs.swift in Sources */ = {isa = PBXBuildFile; fileRef = 3FD3D10725FBBC4800748910 /* Tabs.swift */; };
		3FD3D11E25FBCD2500748910 /* OptionView.swift in Sources */ = {isa = PBXBuildFile; fileRef = 3FD3D11D25FBCD2500748910 /* OptionView.swift */; };
		3FD3D11F25FBCD2500748910 /* OptionView.swift in Sources */ = {isa = PBXBuildFile; fileRef = 3FD3D11D25FBCD2500748910 /* OptionView.swift */; };
		3FD3D12625FBD21200748910 /* PartialSheet in Frameworks */ = {isa = PBXBuildFile; productRef = 3FD3D12525FBD21200748910 /* PartialSheet */; };
		3FD3D13825FBE1FF00748910 /* SwiftUIX in Frameworks */ = {isa = PBXBuildFile; productRef = 3FD3D13725FBE1FF00748910 /* SwiftUIX */; };
		3FD3D13E25FC520900748910 /* WentSaunaViewModel.swift in Sources */ = {isa = PBXBuildFile; fileRef = 3FD3D13D25FC520900748910 /* WentSaunaViewModel.swift */; };
		3FD3D13F25FC520900748910 /* WentSaunaViewModel.swift in Sources */ = {isa = PBXBuildFile; fileRef = 3FD3D13D25FC520900748910 /* WentSaunaViewModel.swift */; };
		3FD3D14525FC572900748910 /* Sauna.swift in Sources */ = {isa = PBXBuildFile; fileRef = 3FD3D14425FC572900748910 /* Sauna.swift */; };
		3FD3D14625FC572900748910 /* Sauna.swift in Sources */ = {isa = PBXBuildFile; fileRef = 3FD3D14425FC572900748910 /* Sauna.swift */; };
		3FE59071262F66B600412362 /* SortDropDownView.swift in Sources */ = {isa = PBXBuildFile; fileRef = 3FE59070262F66B600412362 /* SortDropDownView.swift */; };
		3FE59072262F66B600412362 /* SortDropDownView.swift in Sources */ = {isa = PBXBuildFile; fileRef = 3FE59070262F66B600412362 /* SortDropDownView.swift */; };
		3FE590AC2630B37100412362 /* MyPageView.swift in Sources */ = {isa = PBXBuildFile; fileRef = 3FE590AB2630B37100412362 /* MyPageView.swift */; };
		3FE590B72630C97800412362 /* resultCardView.swift in Sources */ = {isa = PBXBuildFile; fileRef = 3FE590B62630C97800412362 /* resultCardView.swift */; };
		3FE590B82630C97800412362 /* resultCardView.swift in Sources */ = {isa = PBXBuildFile; fileRef = 3FE590B62630C97800412362 /* resultCardView.swift */; };
		3FE590FF2631181600412362 /* User.swift in Sources */ = {isa = PBXBuildFile; fileRef = 3FE590FE2631181600412362 /* User.swift */; };
		3FE591002631181600412362 /* User.swift in Sources */ = {isa = PBXBuildFile; fileRef = 3FE590FE2631181600412362 /* User.swift */; };
		3FE591062631191900412362 /* UserViewModel.swift in Sources */ = {isa = PBXBuildFile; fileRef = 3FE591052631191900412362 /* UserViewModel.swift */; };
		3FE591072631191900412362 /* UserViewModel.swift in Sources */ = {isa = PBXBuildFile; fileRef = 3FE591052631191900412362 /* UserViewModel.swift */; };
		6D23AFE5571DCD0D6056D545 /* Pods_saucialApp__iOS_.framework in Frameworks */ = {isa = PBXBuildFile; fileRef = 9DAC0B96C30A019EB97BAC2C /* Pods_saucialApp__iOS_.framework */; };
/* End PBXBuildFile section */

/* Begin PBXContainerItemProxy section */
		3FC2DF1D25F9D8380080D98F /* PBXContainerItemProxy */ = {
			isa = PBXContainerItemProxy;
			containerPortal = 3FC2DF0025F9D8350080D98F /* Project object */;
			proxyType = 1;
			remoteGlobalIDString = 3FC2DF0B25F9D8380080D98F;
			remoteInfo = "saucialApp (iOS)";
		};
		3FC2DF2825F9D8380080D98F /* PBXContainerItemProxy */ = {
			isa = PBXContainerItemProxy;
			containerPortal = 3FC2DF0025F9D8350080D98F /* Project object */;
			proxyType = 1;
			remoteGlobalIDString = 3FC2DF1325F9D8380080D98F;
			remoteInfo = "saucialApp (macOS)";
		};
/* End PBXContainerItemProxy section */

/* Begin PBXFileReference section */
		2A64427FE9A9A378E632F2B7 /* Pods-saucialApp (iOS).debug.xcconfig */ = {isa = PBXFileReference; includeInIndex = 1; lastKnownFileType = text.xcconfig; name = "Pods-saucialApp (iOS).debug.xcconfig"; path = "Target Support Files/Pods-saucialApp (iOS)/Pods-saucialApp (iOS).debug.xcconfig"; sourceTree = "<group>"; };
		3F468D2B2624E54E00BF3763 /* Wave.swift */ = {isa = PBXFileReference; lastKnownFileType = sourcecode.swift; path = Wave.swift; sourceTree = "<group>"; };
		3F468D322624E56800BF3763 /* SliderData.swift */ = {isa = PBXFileReference; lastKnownFileType = sourcecode.swift; path = SliderData.swift; sourceTree = "<group>"; };
		3F468D392624E59D00BF3763 /* LiquidSwiper.swift */ = {isa = PBXFileReference; lastKnownFileType = sourcecode.swift; path = LiquidSwiper.swift; sourceTree = "<group>"; };
		3F48D1F5262B42B500E33ED4 /* TinyAdView.swift */ = {isa = PBXFileReference; lastKnownFileType = sourcecode.swift; path = TinyAdView.swift; sourceTree = "<group>"; };
		3F48D2AA262C892B00E33ED4 /* GoogleService-Info.plist */ = {isa = PBXFileReference; fileEncoding = 4; lastKnownFileType = text.plist.xml; name = "GoogleService-Info.plist"; path = "../../../Downloads/GoogleService-Info.plist"; sourceTree = "<group>"; };
		3F48D31F262C94DE00E33ED4 /* GoogleService-Info.plist */ = {isa = PBXFileReference; lastKnownFileType = text.plist.xml; path = "GoogleService-Info.plist"; sourceTree = "<group>"; };
		3F48D325262C954F00E33ED4 /* tileOverlay.json */ = {isa = PBXFileReference; lastKnownFileType = text.json; path = tileOverlay.json; sourceTree = "<group>"; };
		3F48D33D262D515900E33ED4 /* FirebaseAnalyticsTracker.swift */ = {isa = PBXFileReference; lastKnownFileType = sourcecode.swift; path = FirebaseAnalyticsTracker.swift; sourceTree = "<group>"; };
		3F52CF33262D791200899162 /* Assets.xcassets */ = {isa = PBXFileReference; lastKnownFileType = folder.assetcatalog; name = Assets.xcassets; path = Shared/Assets.xcassets; sourceTree = "<group>"; };
		3F67209425FCE29800149D17 /* TestView.swift */ = {isa = PBXFileReference; lastKnownFileType = sourcecode.swift; path = TestView.swift; sourceTree = "<group>"; };
		3F6720AB25FD0B8300149D17 /* ImageDownloader.swift */ = {isa = PBXFileReference; lastKnownFileType = sourcecode.swift; path = ImageDownloader.swift; sourceTree = "<group>"; };
		3F6720B225FD0BB600149D17 /* SaunaSmallView.swift */ = {isa = PBXFileReference; lastKnownFileType = sourcecode.swift; path = SaunaSmallView.swift; sourceTree = "<group>"; };
		3F6720C125FE4C4200149D17 /* WentButtonView.swift */ = {isa = PBXFileReference; lastKnownFileType = sourcecode.swift; path = WentButtonView.swift; sourceTree = "<group>"; };
		3F6720CC25FE4CA700149D17 /* WentButtonViewModel.swift */ = {isa = PBXFileReference; lastKnownFileType = sourcecode.swift; path = WentButtonViewModel.swift; sourceTree = "<group>"; };
		3F6720D725FE57B000149D17 /* Went.swift */ = {isa = PBXFileReference; lastKnownFileType = sourcecode.swift; path = Went.swift; sourceTree = "<group>"; };
		3F72BCCD260EA0E00076BE7F /* SaunaView.swift */ = {isa = PBXFileReference; lastKnownFileType = sourcecode.swift; path = SaunaView.swift; sourceTree = "<group>"; };
		3F72BCD4260EAB110076BE7F /* SaunaViewModel.swift */ = {isa = PBXFileReference; lastKnownFileType = sourcecode.swift; path = SaunaViewModel.swift; sourceTree = "<group>"; };
		3F72BCEE260F9FCD0076BE7F /* API.swift */ = {isa = PBXFileReference; lastKnownFileType = sourcecode.swift; path = API.swift; sourceTree = "<group>"; };
		3F72BCFC260FBAD20076BE7F /* MapView.swift */ = {isa = PBXFileReference; lastKnownFileType = sourcecode.swift; path = MapView.swift; sourceTree = "<group>"; };
		3F99421126094D7E0078888C /* SaunaMapView.swift */ = {isa = PBXFileReference; lastKnownFileType = sourcecode.swift; path = SaunaMapView.swift; sourceTree = "<group>"; };
		3F994226260985740078888C /* MapViewModel.swift */ = {isa = PBXFileReference; lastKnownFileType = sourcecode.swift; path = MapViewModel.swift; sourceTree = "<group>"; };
		3F994247260CF4E60078888C /* resultCardRoomsView.swift */ = {isa = PBXFileReference; lastKnownFileType = sourcecode.swift; path = resultCardRoomsView.swift; sourceTree = "<group>"; };
		3F994256260D15BA0078888C /* searchView.swift */ = {isa = PBXFileReference; lastKnownFileType = sourcecode.swift; path = searchView.swift; sourceTree = "<group>"; };
		3F99425D260E17770078888C /* SaunasView.swift */ = {isa = PBXFileReference; lastKnownFileType = sourcecode.swift; path = SaunasView.swift; sourceTree = "<group>"; };
		3FB95A2D25FB40A30071C9B6 /* Auth.swift */ = {isa = PBXFileReference; lastKnownFileType = sourcecode.swift; path = Auth.swift; sourceTree = "<group>"; };
		3FC2DF0525F9D8350080D98F /* saucialAppApp.swift */ = {isa = PBXFileReference; lastKnownFileType = sourcecode.swift; path = saucialAppApp.swift; sourceTree = "<group>"; };
		3FC2DF0625F9D8350080D98F /* LaunchScreenView.swift */ = {isa = PBXFileReference; lastKnownFileType = sourcecode.swift; path = LaunchScreenView.swift; sourceTree = "<group>"; };
		3FC2DF0725F9D8380080D98F /* Assets.xcassets */ = {isa = PBXFileReference; lastKnownFileType = folder.assetcatalog; path = Assets.xcassets; sourceTree = "<group>"; };
		3FC2DF0C25F9D8380080D98F /* saucialApp.app */ = {isa = PBXFileReference; explicitFileType = wrapper.application; includeInIndex = 0; path = saucialApp.app; sourceTree = BUILT_PRODUCTS_DIR; };
		3FC2DF0F25F9D8380080D98F /* Info.plist */ = {isa = PBXFileReference; lastKnownFileType = text.plist.xml; path = Info.plist; sourceTree = "<group>"; };
		3FC2DF1425F9D8380080D98F /* saucialApp.app */ = {isa = PBXFileReference; explicitFileType = wrapper.application; includeInIndex = 0; path = saucialApp.app; sourceTree = BUILT_PRODUCTS_DIR; };
		3FC2DF1625F9D8380080D98F /* Info.plist */ = {isa = PBXFileReference; lastKnownFileType = text.plist.xml; path = Info.plist; sourceTree = "<group>"; };
		3FC2DF1725F9D8380080D98F /* macOS.entitlements */ = {isa = PBXFileReference; lastKnownFileType = text.plist.entitlements; path = macOS.entitlements; sourceTree = "<group>"; };
		3FC2DF1C25F9D8380080D98F /* Tests iOS.xctest */ = {isa = PBXFileReference; explicitFileType = wrapper.cfbundle; includeInIndex = 0; path = "Tests iOS.xctest"; sourceTree = BUILT_PRODUCTS_DIR; };
		3FC2DF2025F9D8380080D98F /* Tests_iOS.swift */ = {isa = PBXFileReference; lastKnownFileType = sourcecode.swift; path = Tests_iOS.swift; sourceTree = "<group>"; };
		3FC2DF2225F9D8380080D98F /* Info.plist */ = {isa = PBXFileReference; lastKnownFileType = text.plist.xml; path = Info.plist; sourceTree = "<group>"; };
		3FC2DF2725F9D8380080D98F /* Tests macOS.xctest */ = {isa = PBXFileReference; explicitFileType = wrapper.cfbundle; includeInIndex = 0; path = "Tests macOS.xctest"; sourceTree = BUILT_PRODUCTS_DIR; };
		3FC2DF2B25F9D8380080D98F /* Tests_macOS.swift */ = {isa = PBXFileReference; lastKnownFileType = sourcecode.swift; path = Tests_macOS.swift; sourceTree = "<group>"; };
		3FC2DF2D25F9D8380080D98F /* Info.plist */ = {isa = PBXFileReference; lastKnownFileType = text.plist.xml; path = Info.plist; sourceTree = "<group>"; };
		3FC2DF8525F9E56E0080D98F /* SignUpView.swift */ = {isa = PBXFileReference; lastKnownFileType = sourcecode.swift; path = SignUpView.swift; sourceTree = "<group>"; };
		3FC2DF8C25F9EBCA0080D98F /* SignInView.swift */ = {isa = PBXFileReference; lastKnownFileType = sourcecode.swift; path = SignInView.swift; sourceTree = "<group>"; };
		3FC2DF9325F9EEA00080D98F /* Extension.swift */ = {isa = PBXFileReference; lastKnownFileType = sourcecode.swift; path = Extension.swift; sourceTree = "<group>"; };
		3FD3D0CC25FB8C0300748910 /* AuthViewModele.swift */ = {isa = PBXFileReference; lastKnownFileType = sourcecode.swift; path = AuthViewModele.swift; sourceTree = "<group>"; };
		3FD3D0E825FB8F4F00748910 /* HomeView.swift */ = {isa = PBXFileReference; lastKnownFileType = sourcecode.swift; path = HomeView.swift; sourceTree = "<group>"; };
		3FD3D0FC25FBA20200748910 /* WentSaunaView.swift */ = {isa = PBXFileReference; lastKnownFileType = sourcecode.swift; path = WentSaunaView.swift; sourceTree = "<group>"; };
		3FD3D10725FBBC4800748910 /* Tabs.swift */ = {isa = PBXFileReference; lastKnownFileType = sourcecode.swift; path = Tabs.swift; sourceTree = "<group>"; };
		3FD3D11D25FBCD2500748910 /* OptionView.swift */ = {isa = PBXFileReference; lastKnownFileType = sourcecode.swift; path = OptionView.swift; sourceTree = "<group>"; };
		3FD3D13D25FC520900748910 /* WentSaunaViewModel.swift */ = {isa = PBXFileReference; lastKnownFileType = sourcecode.swift; path = WentSaunaViewModel.swift; sourceTree = "<group>"; };
		3FD3D14425FC572900748910 /* Sauna.swift */ = {isa = PBXFileReference; lastKnownFileType = sourcecode.swift; path = Sauna.swift; sourceTree = "<group>"; };
		3FE59070262F66B600412362 /* SortDropDownView.swift */ = {isa = PBXFileReference; lastKnownFileType = sourcecode.swift; path = SortDropDownView.swift; sourceTree = "<group>"; };
		3FE590AB2630B37100412362 /* MyPageView.swift */ = {isa = PBXFileReference; lastKnownFileType = sourcecode.swift; path = MyPageView.swift; sourceTree = "<group>"; };
		3FE590B62630C97800412362 /* resultCardView.swift */ = {isa = PBXFileReference; lastKnownFileType = sourcecode.swift; path = resultCardView.swift; sourceTree = "<group>"; };
		3FE590FE2631181600412362 /* User.swift */ = {isa = PBXFileReference; lastKnownFileType = sourcecode.swift; path = User.swift; sourceTree = "<group>"; };
		3FE591052631191900412362 /* UserViewModel.swift */ = {isa = PBXFileReference; lastKnownFileType = sourcecode.swift; path = UserViewModel.swift; sourceTree = "<group>"; };
		3FF3C45F72DE1912A7DBA4AA /* Pods-saucialApp (iOS).release.xcconfig */ = {isa = PBXFileReference; includeInIndex = 1; lastKnownFileType = text.xcconfig; name = "Pods-saucialApp (iOS).release.xcconfig"; path = "Target Support Files/Pods-saucialApp (iOS)/Pods-saucialApp (iOS).release.xcconfig"; sourceTree = "<group>"; };
		6F145B4312E4E7EFEF55230B /* Pods-saucialApp (macOS).release.xcconfig */ = {isa = PBXFileReference; includeInIndex = 1; lastKnownFileType = text.xcconfig; name = "Pods-saucialApp (macOS).release.xcconfig"; path = "Target Support Files/Pods-saucialApp (macOS)/Pods-saucialApp (macOS).release.xcconfig"; sourceTree = "<group>"; };
		81181B1383DC81F2A4AC81BC /* Pods-saucialApp (macOS).debug.xcconfig */ = {isa = PBXFileReference; includeInIndex = 1; lastKnownFileType = text.xcconfig; name = "Pods-saucialApp (macOS).debug.xcconfig"; path = "Target Support Files/Pods-saucialApp (macOS)/Pods-saucialApp (macOS).debug.xcconfig"; sourceTree = "<group>"; };
		85487102A094E0B3B7801A0D /* Pods_saucialApp__macOS_.framework */ = {isa = PBXFileReference; explicitFileType = wrapper.framework; includeInIndex = 0; path = Pods_saucialApp__macOS_.framework; sourceTree = BUILT_PRODUCTS_DIR; };
		9DAC0B96C30A019EB97BAC2C /* Pods_saucialApp__iOS_.framework */ = {isa = PBXFileReference; explicitFileType = wrapper.framework; includeInIndex = 0; path = Pods_saucialApp__iOS_.framework; sourceTree = BUILT_PRODUCTS_DIR; };
/* End PBXFileReference section */

/* Begin PBXFrameworksBuildPhase section */
		3FC2DF0925F9D8380080D98F /* Frameworks */ = {
			isa = PBXFrameworksBuildPhase;
			buildActionMask = 2147483647;
			files = (
				3FABDFF02628823300B0B09A /* RxRelay in Frameworks */,
				3FABDFF42628823300B0B09A /* RxBlocking in Frameworks */,
				3FABDFEE2628823300B0B09A /* RxSwift in Frameworks */,
				3FABDFF22628823300B0B09A /* RxCocoa in Frameworks */,
				3FD3D12625FBD21200748910 /* PartialSheet in Frameworks */,
				3F52CF5D262DAA2500899162 /* Instantiate in Frameworks */,
				3F99420C2609343D0078888C /* URLQueryItemsCoder in Frameworks */,
				3F72BCE9260F9D170076BE7F /* SwiftUIPager in Frameworks */,
				3FD3D13825FBE1FF00748910 /* SwiftUIX in Frameworks */,
				3F72BD9B26103DD30076BE7F /* Neumorphic in Frameworks */,
				3F99421A260958AE0078888C /* GoogleMapsTileOverlay in Frameworks */,
				3F72BD8C2610325A0076BE7F /* Cluster in Frameworks */,
				3F52CF5F262DAA2500899162 /* InstantiateStandard in Frameworks */,
				3F99423E260BF2AC0078888C /* KeyboardObserving in Frameworks */,
				6D23AFE5571DCD0D6056D545 /* Pods_saucialApp__iOS_.framework in Frameworks */,
			);
			runOnlyForDeploymentPostprocessing = 0;
		};
		3FC2DF1125F9D8380080D98F /* Frameworks */ = {
			isa = PBXFrameworksBuildPhase;
			buildActionMask = 2147483647;
			files = (
				147436993756C1785B35931C /* Pods_saucialApp__macOS_.framework in Frameworks */,
			);
			runOnlyForDeploymentPostprocessing = 0;
		};
		3FC2DF1925F9D8380080D98F /* Frameworks */ = {
			isa = PBXFrameworksBuildPhase;
			buildActionMask = 2147483647;
			files = (
			);
			runOnlyForDeploymentPostprocessing = 0;
		};
		3FC2DF2425F9D8380080D98F /* Frameworks */ = {
			isa = PBXFrameworksBuildPhase;
			buildActionMask = 2147483647;
			files = (
			);
			runOnlyForDeploymentPostprocessing = 0;
		};
/* End PBXFrameworksBuildPhase section */

/* Begin PBXGroup section */
		000EF13B45747D74CB54D4CA /* Frameworks */ = {
			isa = PBXGroup;
			children = (
				9DAC0B96C30A019EB97BAC2C /* Pods_saucialApp__iOS_.framework */,
				85487102A094E0B3B7801A0D /* Pods_saucialApp__macOS_.framework */,
			);
			name = Frameworks;
			sourceTree = "<group>";
		};
		3F48D33C262D514500E33ED4 /* Analytics */ = {
			isa = PBXGroup;
			children = (
				3F48D33D262D515900E33ED4 /* FirebaseAnalyticsTracker.swift */,
			);
			path = Analytics;
			sourceTree = "<group>";
		};
		3F67209F25FD0B4000149D17 /* Sauna */ = {
			isa = PBXGroup;
			children = (
				3F6720AB25FD0B8300149D17 /* ImageDownloader.swift */,
				3F6720B225FD0BB600149D17 /* SaunaSmallView.swift */,
				3F99425D260E17770078888C /* SaunasView.swift */,
				3F72BCCD260EA0E00076BE7F /* SaunaView.swift */,
				3F6720C125FE4C4200149D17 /* WentButtonView.swift */,
			);
			path = Sauna;
			sourceTree = "<group>";
		};
		3FB95A0525FAC7F50071C9B6 /* Users */ = {
			isa = PBXGroup;
			children = (
				3FC2DF0625F9D8350080D98F /* LaunchScreenView.swift */,
				3FC2DF8525F9E56E0080D98F /* SignUpView.swift */,
				3FC2DF8C25F9EBCA0080D98F /* SignInView.swift */,
			);
			path = Users;
			sourceTree = "<group>";
		};
		3FB95A2C25FB408F0071C9B6 /* Model */ = {
			isa = PBXGroup;
			children = (
				3FB95A2D25FB40A30071C9B6 /* Auth.swift */,
				3FE590FE2631181600412362 /* User.swift */,
				3F6720D725FE57B000149D17 /* Went.swift */,
				3FD3D14425FC572900748910 /* Sauna.swift */,
			);
			path = Model;
			sourceTree = "<group>";
		};
		3FC2DEFF25F9D8350080D98F = {
			isa = PBXGroup;
			children = (
				3F52CF33262D791200899162 /* Assets.xcassets */,
				3F48D325262C954F00E33ED4 /* tileOverlay.json */,
				3F48D31F262C94DE00E33ED4 /* GoogleService-Info.plist */,
				3FC2DF0425F9D8350080D98F /* Shared */,
				3FC2DF0E25F9D8380080D98F /* iOS */,
				3FC2DF1525F9D8380080D98F /* macOS */,
				3FC2DF1F25F9D8380080D98F /* Tests iOS */,
				3FC2DF2A25F9D8380080D98F /* Tests macOS */,
				3FC2DF0D25F9D8380080D98F /* Products */,
				000EF13B45747D74CB54D4CA /* Frameworks */,
				4A987E4325E95E567C78A885 /* Pods */,
			);
			sourceTree = "<group>";
		};
		3FC2DF0425F9D8350080D98F /* Shared */ = {
			isa = PBXGroup;
			children = (
				3FE590AA2630B35900412362 /* MyPage */,
				3F48D33C262D514500E33ED4 /* Analytics */,
				3F67209F25FD0B4000149D17 /* Sauna */,
				3FC2DF0525F9D8350080D98F /* saucialAppApp.swift */,
				3FD3D0F725FBA1A300748910 /* Tutorial */,
				3FD3D0CA25FB8BD800748910 /* ViewModel */,
				3FB95A2C25FB408F0071C9B6 /* Model */,
				3FD3D0E325FB8F1E00748910 /* Home */,
				3FB95A0525FAC7F50071C9B6 /* Users */,
				3FC2DF9325F9EEA00080D98F /* Extension.swift */,
				3F72BCEE260F9FCD0076BE7F /* API.swift */,
				3F468D2B2624E54E00BF3763 /* Wave.swift */,
				3F468D322624E56800BF3763 /* SliderData.swift */,
				3F468D392624E59D00BF3763 /* LiquidSwiper.swift */,
				3FC2DF0725F9D8380080D98F /* Assets.xcassets */,
			);
			path = Shared;
			sourceTree = "<group>";
		};
		3FC2DF0D25F9D8380080D98F /* Products */ = {
			isa = PBXGroup;
			children = (
				3FC2DF0C25F9D8380080D98F /* saucialApp.app */,
				3FC2DF1425F9D8380080D98F /* saucialApp.app */,
				3FC2DF1C25F9D8380080D98F /* Tests iOS.xctest */,
				3FC2DF2725F9D8380080D98F /* Tests macOS.xctest */,
			);
			name = Products;
			sourceTree = "<group>";
		};
		3FC2DF0E25F9D8380080D98F /* iOS */ = {
			isa = PBXGroup;
			children = (
				3F48D2AA262C892B00E33ED4 /* GoogleService-Info.plist */,
				3FC2DF0F25F9D8380080D98F /* Info.plist */,
			);
			path = iOS;
			sourceTree = "<group>";
		};
		3FC2DF1525F9D8380080D98F /* macOS */ = {
			isa = PBXGroup;
			children = (
				3FC2DF1625F9D8380080D98F /* Info.plist */,
				3FC2DF1725F9D8380080D98F /* macOS.entitlements */,
			);
			path = macOS;
			sourceTree = "<group>";
		};
		3FC2DF1F25F9D8380080D98F /* Tests iOS */ = {
			isa = PBXGroup;
			children = (
				3FC2DF2025F9D8380080D98F /* Tests_iOS.swift */,
				3FC2DF2225F9D8380080D98F /* Info.plist */,
			);
			path = "Tests iOS";
			sourceTree = "<group>";
		};
		3FC2DF2A25F9D8380080D98F /* Tests macOS */ = {
			isa = PBXGroup;
			children = (
				3FC2DF2B25F9D8380080D98F /* Tests_macOS.swift */,
				3FC2DF2D25F9D8380080D98F /* Info.plist */,
			);
			path = "Tests macOS";
			sourceTree = "<group>";
		};
		3FD3D0CA25FB8BD800748910 /* ViewModel */ = {
			isa = PBXGroup;
			children = (
				3FD3D0CC25FB8C0300748910 /* AuthViewModele.swift */,
				3F6720CC25FE4CA700149D17 /* WentButtonViewModel.swift */,
				3FD3D13D25FC520900748910 /* WentSaunaViewModel.swift */,
				3F72BCD4260EAB110076BE7F /* SaunaViewModel.swift */,
				3F994226260985740078888C /* MapViewModel.swift */,
				3FE591052631191900412362 /* UserViewModel.swift */,
			);
			path = ViewModel;
			sourceTree = "<group>";
		};
		3FD3D0E325FB8F1E00748910 /* Home */ = {
			isa = PBXGroup;
			children = (
				3FD3D0E825FB8F4F00748910 /* HomeView.swift */,
				3F48D1F5262B42B500E33ED4 /* TinyAdView.swift */,
				3F99421126094D7E0078888C /* SaunaMapView.swift */,
				3F72BCFC260FBAD20076BE7F /* MapView.swift */,
				3FE590B52630C95D00412362 /* resultCardView */,
				3F994256260D15BA0078888C /* searchView.swift */,
				3F67209425FCE29800149D17 /* TestView.swift */,
				3FE59070262F66B600412362 /* SortDropDownView.swift */,
			);
			path = Home;
			sourceTree = "<group>";
		};
		3FD3D0F725FBA1A300748910 /* Tutorial */ = {
			isa = PBXGroup;
			children = (
				3FD3D0FC25FBA20200748910 /* WentSaunaView.swift */,
				3FD3D11D25FBCD2500748910 /* OptionView.swift */,
				3FD3D10725FBBC4800748910 /* Tabs.swift */,
			);
			path = Tutorial;
			sourceTree = "<group>";
		};
		3FE590AA2630B35900412362 /* MyPage */ = {
			isa = PBXGroup;
			children = (
				3FE590AB2630B37100412362 /* MyPageView.swift */,
			);
			path = MyPage;
			sourceTree = "<group>";
		};
		3FE590B52630C95D00412362 /* resultCardView */ = {
			isa = PBXGroup;
			children = (
				3FE590B62630C97800412362 /* resultCardView.swift */,
				3F994247260CF4E60078888C /* resultCardRoomsView.swift */,
			);
			path = resultCardView;
			sourceTree = "<group>";
		};
		4A987E4325E95E567C78A885 /* Pods */ = {
			isa = PBXGroup;
			children = (
				2A64427FE9A9A378E632F2B7 /* Pods-saucialApp (iOS).debug.xcconfig */,
				3FF3C45F72DE1912A7DBA4AA /* Pods-saucialApp (iOS).release.xcconfig */,
				81181B1383DC81F2A4AC81BC /* Pods-saucialApp (macOS).debug.xcconfig */,
				6F145B4312E4E7EFEF55230B /* Pods-saucialApp (macOS).release.xcconfig */,
			);
			path = Pods;
			sourceTree = "<group>";
		};
/* End PBXGroup section */

/* Begin PBXNativeTarget section */
		3FC2DF0B25F9D8380080D98F /* saucialApp (iOS) */ = {
			isa = PBXNativeTarget;
			buildConfigurationList = 3FC2DF3625F9D8380080D98F /* Build configuration list for PBXNativeTarget "saucialApp (iOS)" */;
			buildPhases = (
				792874D7BCD084C2C0C9327B /* [CP] Check Pods Manifest.lock */,
				3FC2DF0825F9D8380080D98F /* Sources */,
				3FC2DF0925F9D8380080D98F /* Frameworks */,
				3FC2DF0A25F9D8380080D98F /* Resources */,
				833CB4F0D03C1BA14675E3D3 /* [CP] Embed Pods Frameworks */,
			);
			buildRules = (
			);
			dependencies = (
			);
			name = "saucialApp (iOS)";
			packageProductDependencies = (
				3FD3D12525FBD21200748910 /* PartialSheet */,
				3FD3D13725FBE1FF00748910 /* SwiftUIX */,
				3F99420B2609343D0078888C /* URLQueryItemsCoder */,
				3F994219260958AE0078888C /* GoogleMapsTileOverlay */,
				3F99423D260BF2AC0078888C /* KeyboardObserving */,
				3F72BCE8260F9D170076BE7F /* SwiftUIPager */,
				3F72BD8B2610325A0076BE7F /* Cluster */,
				3F72BD9A26103DD30076BE7F /* Neumorphic */,
				3FABDFED2628823300B0B09A /* RxSwift */,
				3FABDFEF2628823300B0B09A /* RxRelay */,
				3FABDFF12628823300B0B09A /* RxCocoa */,
				3FABDFF32628823300B0B09A /* RxBlocking */,
				3F52CF5C262DAA2500899162 /* Instantiate */,
				3F52CF5E262DAA2500899162 /* InstantiateStandard */,
			);
			productName = "saucialApp (iOS)";
			productReference = 3FC2DF0C25F9D8380080D98F /* saucialApp.app */;
			productType = "com.apple.product-type.application";
		};
		3FC2DF1325F9D8380080D98F /* saucialApp (macOS) */ = {
			isa = PBXNativeTarget;
			buildConfigurationList = 3FC2DF3925F9D8380080D98F /* Build configuration list for PBXNativeTarget "saucialApp (macOS)" */;
			buildPhases = (
				B2F1AC9708F9B771D97D26D0 /* [CP] Check Pods Manifest.lock */,
				3FC2DF1025F9D8380080D98F /* Sources */,
				3FC2DF1125F9D8380080D98F /* Frameworks */,
				3FC2DF1225F9D8380080D98F /* Resources */,
			);
			buildRules = (
			);
			dependencies = (
			);
			name = "saucialApp (macOS)";
			productName = "saucialApp (macOS)";
			productReference = 3FC2DF1425F9D8380080D98F /* saucialApp.app */;
			productType = "com.apple.product-type.application";
		};
		3FC2DF1B25F9D8380080D98F /* Tests iOS */ = {
			isa = PBXNativeTarget;
			buildConfigurationList = 3FC2DF3C25F9D8380080D98F /* Build configuration list for PBXNativeTarget "Tests iOS" */;
			buildPhases = (
				3FC2DF1825F9D8380080D98F /* Sources */,
				3FC2DF1925F9D8380080D98F /* Frameworks */,
				3FC2DF1A25F9D8380080D98F /* Resources */,
			);
			buildRules = (
			);
			dependencies = (
				3FC2DF1E25F9D8380080D98F /* PBXTargetDependency */,
			);
			name = "Tests iOS";
			productName = "Tests iOS";
			productReference = 3FC2DF1C25F9D8380080D98F /* Tests iOS.xctest */;
			productType = "com.apple.product-type.bundle.ui-testing";
		};
		3FC2DF2625F9D8380080D98F /* Tests macOS */ = {
			isa = PBXNativeTarget;
			buildConfigurationList = 3FC2DF3F25F9D8380080D98F /* Build configuration list for PBXNativeTarget "Tests macOS" */;
			buildPhases = (
				3FC2DF2325F9D8380080D98F /* Sources */,
				3FC2DF2425F9D8380080D98F /* Frameworks */,
				3FC2DF2525F9D8380080D98F /* Resources */,
			);
			buildRules = (
			);
			dependencies = (
				3FC2DF2925F9D8380080D98F /* PBXTargetDependency */,
			);
			name = "Tests macOS";
			productName = "Tests macOS";
			productReference = 3FC2DF2725F9D8380080D98F /* Tests macOS.xctest */;
			productType = "com.apple.product-type.bundle.ui-testing";
		};
/* End PBXNativeTarget section */

/* Begin PBXProject section */
		3FC2DF0025F9D8350080D98F /* Project object */ = {
			isa = PBXProject;
			attributes = {
				LastSwiftUpdateCheck = 1240;
				LastUpgradeCheck = 1240;
				TargetAttributes = {
					3FC2DF0B25F9D8380080D98F = {
						CreatedOnToolsVersion = 12.4;
					};
					3FC2DF1325F9D8380080D98F = {
						CreatedOnToolsVersion = 12.4;
					};
					3FC2DF1B25F9D8380080D98F = {
						CreatedOnToolsVersion = 12.4;
						TestTargetID = 3FC2DF0B25F9D8380080D98F;
					};
					3FC2DF2625F9D8380080D98F = {
						CreatedOnToolsVersion = 12.4;
						TestTargetID = 3FC2DF1325F9D8380080D98F;
					};
				};
			};
			buildConfigurationList = 3FC2DF0325F9D8350080D98F /* Build configuration list for PBXProject "saucialApp" */;
			compatibilityVersion = "Xcode 9.3";
			developmentRegion = en;
			hasScannedForEncodings = 0;
			knownRegions = (
				en,
				Base,
				ja,
			);
			mainGroup = 3FC2DEFF25F9D8350080D98F;
			packageReferences = (
				3FD3D12425FBD21200748910 /* XCRemoteSwiftPackageReference "PartialSheet" */,
				3FD3D13625FBE1FF00748910 /* XCRemoteSwiftPackageReference "SwiftUIX" */,
				3F99420A2609343D0078888C /* XCRemoteSwiftPackageReference "URLQueryItemsCoder" */,
				3F994218260958AE0078888C /* XCRemoteSwiftPackageReference "GoogleMapsTileOverlay" */,
				3F99423C260BF2AC0078888C /* XCRemoteSwiftPackageReference "KeyboardObserving" */,
				3F72BCE7260F9D170076BE7F /* XCRemoteSwiftPackageReference "SwiftUIPager" */,
				3F72BD8A2610325A0076BE7F /* XCRemoteSwiftPackageReference "Cluster" */,
				3F72BD9926103DD30076BE7F /* XCRemoteSwiftPackageReference "neumorphic" */,
				3FABDFEC2628823300B0B09A /* XCRemoteSwiftPackageReference "RxSwift" */,
				3F52CF5B262DAA2500899162 /* XCRemoteSwiftPackageReference "Instantiate" */,
			);
			productRefGroup = 3FC2DF0D25F9D8380080D98F /* Products */;
			projectDirPath = "";
			projectRoot = "";
			targets = (
				3FC2DF0B25F9D8380080D98F /* saucialApp (iOS) */,
				3FC2DF1325F9D8380080D98F /* saucialApp (macOS) */,
				3FC2DF1B25F9D8380080D98F /* Tests iOS */,
				3FC2DF2625F9D8380080D98F /* Tests macOS */,
			);
		};
/* End PBXProject section */

/* Begin PBXResourcesBuildPhase section */
		3FC2DF0A25F9D8380080D98F /* Resources */ = {
			isa = PBXResourcesBuildPhase;
			buildActionMask = 2147483647;
			files = (
				3FC2DF3225F9D8380080D98F /* Assets.xcassets in Resources */,
				3F48D326262C954F00E33ED4 /* tileOverlay.json in Resources */,
				3F52CF34262D791200899162 /* Assets.xcassets in Resources */,
				3F48D320262C94DE00E33ED4 /* GoogleService-Info.plist in Resources */,
			);
			runOnlyForDeploymentPostprocessing = 0;
		};
		3FC2DF1225F9D8380080D98F /* Resources */ = {
			isa = PBXResourcesBuildPhase;
			buildActionMask = 2147483647;
			files = (
				3FC2DF3325F9D8380080D98F /* Assets.xcassets in Resources */,
			);
			runOnlyForDeploymentPostprocessing = 0;
		};
		3FC2DF1A25F9D8380080D98F /* Resources */ = {
			isa = PBXResourcesBuildPhase;
			buildActionMask = 2147483647;
			files = (
			);
			runOnlyForDeploymentPostprocessing = 0;
		};
		3FC2DF2525F9D8380080D98F /* Resources */ = {
			isa = PBXResourcesBuildPhase;
			buildActionMask = 2147483647;
			files = (
			);
			runOnlyForDeploymentPostprocessing = 0;
		};
/* End PBXResourcesBuildPhase section */

/* Begin PBXShellScriptBuildPhase section */
		792874D7BCD084C2C0C9327B /* [CP] Check Pods Manifest.lock */ = {
			isa = PBXShellScriptBuildPhase;
			buildActionMask = 2147483647;
			files = (
			);
			inputFileListPaths = (
			);
			inputPaths = (
				"${PODS_PODFILE_DIR_PATH}/Podfile.lock",
				"${PODS_ROOT}/Manifest.lock",
			);
			name = "[CP] Check Pods Manifest.lock";
			outputFileListPaths = (
			);
			outputPaths = (
				"$(DERIVED_FILE_DIR)/Pods-saucialApp (iOS)-checkManifestLockResult.txt",
			);
			runOnlyForDeploymentPostprocessing = 0;
			shellPath = /bin/sh;
			shellScript = "diff \"${PODS_PODFILE_DIR_PATH}/Podfile.lock\" \"${PODS_ROOT}/Manifest.lock\" > /dev/null\nif [ $? != 0 ] ; then\n    # print error to STDERR\n    echo \"error: The sandbox is not in sync with the Podfile.lock. Run 'pod install' or update your CocoaPods installation.\" >&2\n    exit 1\nfi\n# This output is used by Xcode 'outputs' to avoid re-running this script phase.\necho \"SUCCESS\" > \"${SCRIPT_OUTPUT_FILE_0}\"\n";
			showEnvVarsInLog = 0;
		};
		833CB4F0D03C1BA14675E3D3 /* [CP] Embed Pods Frameworks */ = {
			isa = PBXShellScriptBuildPhase;
			buildActionMask = 2147483647;
			files = (
			);
			inputFileListPaths = (
				"${PODS_ROOT}/Target Support Files/Pods-saucialApp (iOS)/Pods-saucialApp (iOS)-frameworks-${CONFIGURATION}-input-files.xcfilelist",
			);
			name = "[CP] Embed Pods Frameworks";
			outputFileListPaths = (
				"${PODS_ROOT}/Target Support Files/Pods-saucialApp (iOS)/Pods-saucialApp (iOS)-frameworks-${CONFIGURATION}-output-files.xcfilelist",
			);
			runOnlyForDeploymentPostprocessing = 0;
			shellPath = /bin/sh;
			shellScript = "\"${PODS_ROOT}/Target Support Files/Pods-saucialApp (iOS)/Pods-saucialApp (iOS)-frameworks.sh\"\n";
			showEnvVarsInLog = 0;
		};
		B2F1AC9708F9B771D97D26D0 /* [CP] Check Pods Manifest.lock */ = {
			isa = PBXShellScriptBuildPhase;
			buildActionMask = 2147483647;
			files = (
			);
			inputFileListPaths = (
			);
			inputPaths = (
				"${PODS_PODFILE_DIR_PATH}/Podfile.lock",
				"${PODS_ROOT}/Manifest.lock",
			);
			name = "[CP] Check Pods Manifest.lock";
			outputFileListPaths = (
			);
			outputPaths = (
				"$(DERIVED_FILE_DIR)/Pods-saucialApp (macOS)-checkManifestLockResult.txt",
			);
			runOnlyForDeploymentPostprocessing = 0;
			shellPath = /bin/sh;
			shellScript = "diff \"${PODS_PODFILE_DIR_PATH}/Podfile.lock\" \"${PODS_ROOT}/Manifest.lock\" > /dev/null\nif [ $? != 0 ] ; then\n    # print error to STDERR\n    echo \"error: The sandbox is not in sync with the Podfile.lock. Run 'pod install' or update your CocoaPods installation.\" >&2\n    exit 1\nfi\n# This output is used by Xcode 'outputs' to avoid re-running this script phase.\necho \"SUCCESS\" > \"${SCRIPT_OUTPUT_FILE_0}\"\n";
			showEnvVarsInLog = 0;
		};
/* End PBXShellScriptBuildPhase section */

/* Begin PBXSourcesBuildPhase section */
		3FC2DF0825F9D8380080D98F /* Sources */ = {
			isa = PBXSourcesBuildPhase;
			buildActionMask = 2147483647;
			files = (
				3FE59071262F66B600412362 /* SortDropDownView.swift in Sources */,
				3FC2DF9425F9EEA00080D98F /* Extension.swift in Sources */,
				3FD3D13E25FC520900748910 /* WentSaunaViewModel.swift in Sources */,
				3F6720AC25FD0B8300149D17 /* ImageDownloader.swift in Sources */,
				3FC2DF3025F9D8380080D98F /* LaunchScreenView.swift in Sources */,
				3F6720D825FE57B000149D17 /* Went.swift in Sources */,
				3F99425E260E17780078888C /* SaunasView.swift in Sources */,
				3F468D2C2624E54F00BF3763 /* Wave.swift in Sources */,
				3F67209525FCE29800149D17 /* TestView.swift in Sources */,
				3FE590AC2630B37100412362 /* MyPageView.swift in Sources */,
				3F72BCEF260F9FCD0076BE7F /* API.swift in Sources */,
				3FE590B72630C97800412362 /* resultCardView.swift in Sources */,
				3FD3D0E925FB8F4F00748910 /* HomeView.swift in Sources */,
				3FE591062631191900412362 /* UserViewModel.swift in Sources */,
				3F994248260CF4E60078888C /* resultCardRoomsView.swift in Sources */,
				3FD3D0CD25FB8C0300748910 /* AuthViewModele.swift in Sources */,
				3F468D332624E56800BF3763 /* SliderData.swift in Sources */,
				3FD3D10825FBBC4800748910 /* Tabs.swift in Sources */,
				3F994257260D15BA0078888C /* searchView.swift in Sources */,
				3FD3D0FD25FBA20200748910 /* WentSaunaView.swift in Sources */,
				3F48D33E262D515900E33ED4 /* FirebaseAnalyticsTracker.swift in Sources */,
				3F99421226094D7E0078888C /* SaunaMapView.swift in Sources */,
				3F994227260985740078888C /* MapViewModel.swift in Sources */,
				3FC2DF8625F9E56E0080D98F /* SignUpView.swift in Sources */,
				3FE590FF2631181600412362 /* User.swift in Sources */,
				3F6720B325FD0BB600149D17 /* SaunaSmallView.swift in Sources */,
				3FC2DF8D25F9EBCA0080D98F /* SignInView.swift in Sources */,
				3FC2DF2E25F9D8380080D98F /* saucialAppApp.swift in Sources */,
				3F468D3A2624E59D00BF3763 /* LiquidSwiper.swift in Sources */,
				3F72BCCE260EA0E00076BE7F /* SaunaView.swift in Sources */,
				3F72BCFD260FBAD20076BE7F /* MapView.swift in Sources */,
				3FD3D14525FC572900748910 /* Sauna.swift in Sources */,
				3F6720CD25FE4CA700149D17 /* WentButtonViewModel.swift in Sources */,
				3FB95A2E25FB40A30071C9B6 /* Auth.swift in Sources */,
				3FD3D11E25FBCD2500748910 /* OptionView.swift in Sources */,
				3F72BCD5260EAB110076BE7F /* SaunaViewModel.swift in Sources */,
				3F48D1F6262B42B500E33ED4 /* TinyAdView.swift in Sources */,
				3F6720C225FE4C4200149D17 /* WentButtonView.swift in Sources */,
			);
			runOnlyForDeploymentPostprocessing = 0;
		};
		3FC2DF1025F9D8380080D98F /* Sources */ = {
			isa = PBXSourcesBuildPhase;
			buildActionMask = 2147483647;
			files = (
				3F99421326094D7E0078888C /* SaunaMapView.swift in Sources */,
				3FC2DF9525F9EEA00080D98F /* Extension.swift in Sources */,
				3FE59072262F66B600412362 /* SortDropDownView.swift in Sources */,
				3F6720AD25FD0B8300149D17 /* ImageDownloader.swift in Sources */,
				3F6720C325FE4C4200149D17 /* WentButtonView.swift in Sources */,
				3F468D2D2624E54F00BF3763 /* Wave.swift in Sources */,
				3F72BCD6260EAB110076BE7F /* SaunaViewModel.swift in Sources */,
				3F994258260D15BA0078888C /* searchView.swift in Sources */,
				3F72BCCF260EA0E00076BE7F /* SaunaView.swift in Sources */,
				3F72BCFE260FBAD20076BE7F /* MapView.swift in Sources */,
				3FC2DF3125F9D8380080D98F /* LaunchScreenView.swift in Sources */,
				3F72BCF0260F9FCD0076BE7F /* API.swift in Sources */,
				3FD3D0EA25FB8F4F00748910 /* HomeView.swift in Sources */,
				3FD3D11F25FBCD2500748910 /* OptionView.swift in Sources */,
				3FC2DF8725F9E56E0080D98F /* SignUpView.swift in Sources */,
				3F6720D925FE57B000149D17 /* Went.swift in Sources */,
				3F468D342624E56800BF3763 /* SliderData.swift in Sources */,
				3FC2DF8E25F9EBCA0080D98F /* SignInView.swift in Sources */,
				3F468D3B2624E59D00BF3763 /* LiquidSwiper.swift in Sources */,
				3F48D1F7262B42B500E33ED4 /* TinyAdView.swift in Sources */,
				3F67209625FCE29800149D17 /* TestView.swift in Sources */,
				3F994228260985740078888C /* MapViewModel.swift in Sources */,
				3FC2DF2F25F9D8380080D98F /* saucialAppApp.swift in Sources */,
				3FD3D14625FC572900748910 /* Sauna.swift in Sources */,
				3FE591002631181600412362 /* User.swift in Sources */,
				3F994249260CF4E60078888C /* resultCardRoomsView.swift in Sources */,
				3FD3D10925FBBC4800748910 /* Tabs.swift in Sources */,
				3F6720B425FD0BB600149D17 /* SaunaSmallView.swift in Sources */,
				3F99425F260E17780078888C /* SaunasView.swift in Sources */,
				3FD3D13F25FC520900748910 /* WentSaunaViewModel.swift in Sources */,
				3FE590B82630C97800412362 /* resultCardView.swift in Sources */,
				3F6720CE25FE4CA700149D17 /* WentButtonViewModel.swift in Sources */,
				3FD3D0CE25FB8C0300748910 /* AuthViewModele.swift in Sources */,
				3FE591072631191900412362 /* UserViewModel.swift in Sources */,
				3FD3D0FE25FBA20200748910 /* WentSaunaView.swift in Sources */,
			);
			runOnlyForDeploymentPostprocessing = 0;
		};
		3FC2DF1825F9D8380080D98F /* Sources */ = {
			isa = PBXSourcesBuildPhase;
			buildActionMask = 2147483647;
			files = (
				3FC2DF2125F9D8380080D98F /* Tests_iOS.swift in Sources */,
			);
			runOnlyForDeploymentPostprocessing = 0;
		};
		3FC2DF2325F9D8380080D98F /* Sources */ = {
			isa = PBXSourcesBuildPhase;
			buildActionMask = 2147483647;
			files = (
				3FC2DF2C25F9D8380080D98F /* Tests_macOS.swift in Sources */,
			);
			runOnlyForDeploymentPostprocessing = 0;
		};
/* End PBXSourcesBuildPhase section */

/* Begin PBXTargetDependency section */
		3FC2DF1E25F9D8380080D98F /* PBXTargetDependency */ = {
			isa = PBXTargetDependency;
			target = 3FC2DF0B25F9D8380080D98F /* saucialApp (iOS) */;
			targetProxy = 3FC2DF1D25F9D8380080D98F /* PBXContainerItemProxy */;
		};
		3FC2DF2925F9D8380080D98F /* PBXTargetDependency */ = {
			isa = PBXTargetDependency;
			target = 3FC2DF1325F9D8380080D98F /* saucialApp (macOS) */;
			targetProxy = 3FC2DF2825F9D8380080D98F /* PBXContainerItemProxy */;
		};
/* End PBXTargetDependency section */

/* Begin XCBuildConfiguration section */
		3FC2DF3425F9D8380080D98F /* Debug */ = {
			isa = XCBuildConfiguration;
			buildSettings = {
				ALWAYS_SEARCH_USER_PATHS = NO;
				CLANG_ANALYZER_LOCALIZABILITY_NONLOCALIZED = YES;
				CLANG_ANALYZER_NONNULL = YES;
				CLANG_ANALYZER_NUMBER_OBJECT_CONVERSION = YES_AGGRESSIVE;
				CLANG_CXX_LANGUAGE_STANDARD = "gnu++14";
				CLANG_CXX_LIBRARY = "libc++";
				CLANG_ENABLE_MODULES = YES;
				CLANG_ENABLE_OBJC_ARC = YES;
				CLANG_ENABLE_OBJC_WEAK = YES;
				CLANG_WARN_BLOCK_CAPTURE_AUTORELEASING = YES;
				CLANG_WARN_BOOL_CONVERSION = YES;
				CLANG_WARN_COMMA = YES;
				CLANG_WARN_CONSTANT_CONVERSION = YES;
				CLANG_WARN_DEPRECATED_OBJC_IMPLEMENTATIONS = YES;
				CLANG_WARN_DIRECT_OBJC_ISA_USAGE = YES_ERROR;
				CLANG_WARN_DOCUMENTATION_COMMENTS = YES;
				CLANG_WARN_EMPTY_BODY = YES;
				CLANG_WARN_ENUM_CONVERSION = YES;
				CLANG_WARN_INFINITE_RECURSION = YES;
				CLANG_WARN_INT_CONVERSION = YES;
				CLANG_WARN_NON_LITERAL_NULL_CONVERSION = YES;
				CLANG_WARN_OBJC_IMPLICIT_RETAIN_SELF = YES;
				CLANG_WARN_OBJC_LITERAL_CONVERSION = YES;
				CLANG_WARN_OBJC_ROOT_CLASS = YES_ERROR;
				CLANG_WARN_QUOTED_INCLUDE_IN_FRAMEWORK_HEADER = YES;
				CLANG_WARN_RANGE_LOOP_ANALYSIS = YES;
				CLANG_WARN_STRICT_PROTOTYPES = YES;
				CLANG_WARN_SUSPICIOUS_MOVE = YES;
				CLANG_WARN_UNGUARDED_AVAILABILITY = YES_AGGRESSIVE;
				CLANG_WARN_UNREACHABLE_CODE = YES;
				CLANG_WARN__DUPLICATE_METHOD_MATCH = YES;
				COPY_PHASE_STRIP = NO;
				DEBUG_INFORMATION_FORMAT = dwarf;
				ENABLE_STRICT_OBJC_MSGSEND = YES;
				ENABLE_TESTABILITY = YES;
				GCC_C_LANGUAGE_STANDARD = gnu11;
				GCC_DYNAMIC_NO_PIC = NO;
				GCC_NO_COMMON_BLOCKS = YES;
				GCC_OPTIMIZATION_LEVEL = 0;
				GCC_PREPROCESSOR_DEFINITIONS = (
					"DEBUG=1",
					"$(inherited)",
				);
				GCC_WARN_64_TO_32_BIT_CONVERSION = YES;
				GCC_WARN_ABOUT_RETURN_TYPE = YES_ERROR;
				GCC_WARN_UNDECLARED_SELECTOR = YES;
				GCC_WARN_UNINITIALIZED_AUTOS = YES_AGGRESSIVE;
				GCC_WARN_UNUSED_FUNCTION = YES;
				GCC_WARN_UNUSED_VARIABLE = YES;
				IPHONEOS_DEPLOYMENT_TARGET = 13.0;
				MTL_ENABLE_DEBUG_INFO = INCLUDE_SOURCE;
				MTL_FAST_MATH = YES;
				ONLY_ACTIVE_ARCH = YES;
				SWIFT_ACTIVE_COMPILATION_CONDITIONS = DEBUG;
				SWIFT_OPTIMIZATION_LEVEL = "-Onone";
			};
			name = Debug;
		};
		3FC2DF3525F9D8380080D98F /* Release */ = {
			isa = XCBuildConfiguration;
			buildSettings = {
				ALWAYS_SEARCH_USER_PATHS = NO;
				CLANG_ANALYZER_LOCALIZABILITY_NONLOCALIZED = YES;
				CLANG_ANALYZER_NONNULL = YES;
				CLANG_ANALYZER_NUMBER_OBJECT_CONVERSION = YES_AGGRESSIVE;
				CLANG_CXX_LANGUAGE_STANDARD = "gnu++14";
				CLANG_CXX_LIBRARY = "libc++";
				CLANG_ENABLE_MODULES = YES;
				CLANG_ENABLE_OBJC_ARC = YES;
				CLANG_ENABLE_OBJC_WEAK = YES;
				CLANG_WARN_BLOCK_CAPTURE_AUTORELEASING = YES;
				CLANG_WARN_BOOL_CONVERSION = YES;
				CLANG_WARN_COMMA = YES;
				CLANG_WARN_CONSTANT_CONVERSION = YES;
				CLANG_WARN_DEPRECATED_OBJC_IMPLEMENTATIONS = YES;
				CLANG_WARN_DIRECT_OBJC_ISA_USAGE = YES_ERROR;
				CLANG_WARN_DOCUMENTATION_COMMENTS = YES;
				CLANG_WARN_EMPTY_BODY = YES;
				CLANG_WARN_ENUM_CONVERSION = YES;
				CLANG_WARN_INFINITE_RECURSION = YES;
				CLANG_WARN_INT_CONVERSION = YES;
				CLANG_WARN_NON_LITERAL_NULL_CONVERSION = YES;
				CLANG_WARN_OBJC_IMPLICIT_RETAIN_SELF = YES;
				CLANG_WARN_OBJC_LITERAL_CONVERSION = YES;
				CLANG_WARN_OBJC_ROOT_CLASS = YES_ERROR;
				CLANG_WARN_QUOTED_INCLUDE_IN_FRAMEWORK_HEADER = YES;
				CLANG_WARN_RANGE_LOOP_ANALYSIS = YES;
				CLANG_WARN_STRICT_PROTOTYPES = YES;
				CLANG_WARN_SUSPICIOUS_MOVE = YES;
				CLANG_WARN_UNGUARDED_AVAILABILITY = YES_AGGRESSIVE;
				CLANG_WARN_UNREACHABLE_CODE = YES;
				CLANG_WARN__DUPLICATE_METHOD_MATCH = YES;
				COPY_PHASE_STRIP = NO;
				DEBUG_INFORMATION_FORMAT = "dwarf-with-dsym";
				ENABLE_NS_ASSERTIONS = NO;
				ENABLE_STRICT_OBJC_MSGSEND = YES;
				GCC_C_LANGUAGE_STANDARD = gnu11;
				GCC_NO_COMMON_BLOCKS = YES;
				GCC_WARN_64_TO_32_BIT_CONVERSION = YES;
				GCC_WARN_ABOUT_RETURN_TYPE = YES_ERROR;
				GCC_WARN_UNDECLARED_SELECTOR = YES;
				GCC_WARN_UNINITIALIZED_AUTOS = YES_AGGRESSIVE;
				GCC_WARN_UNUSED_FUNCTION = YES;
				GCC_WARN_UNUSED_VARIABLE = YES;
				IPHONEOS_DEPLOYMENT_TARGET = 13.0;
				MTL_ENABLE_DEBUG_INFO = NO;
				MTL_FAST_MATH = YES;
				SWIFT_COMPILATION_MODE = wholemodule;
				SWIFT_OPTIMIZATION_LEVEL = "-O";
			};
			name = Release;
		};
		3FC2DF3725F9D8380080D98F /* Debug */ = {
			isa = XCBuildConfiguration;
			baseConfigurationReference = 2A64427FE9A9A378E632F2B7 /* Pods-saucialApp (iOS).debug.xcconfig */;
			buildSettings = {
				ASSETCATALOG_COMPILER_APPICON_NAME = AppIcon;
				ASSETCATALOG_COMPILER_GLOBAL_ACCENT_COLOR_NAME = AccentColor;
				CODE_SIGN_IDENTITY = "Apple Development";
				CODE_SIGN_STYLE = Automatic;
				CURRENT_PROJECT_VERSION = 1;
				DEVELOPMENT_TEAM = 99FL75GE6T;
				ENABLE_PREVIEWS = YES;
				GCC_NO_COMMON_BLOCKS = YES;
				INFOPLIST_FILE = iOS/Info.plist;
				IPHONEOS_DEPLOYMENT_TARGET = 14.1;
				LD_RUNPATH_SEARCH_PATHS = (
					"$(inherited)",
					"@executable_path/Frameworks",
				);
				MARKETING_VERSION = 1.3;
				PRODUCT_BUNDLE_IDENTIFIER = com.kawayuta.saunastep;
				PRODUCT_NAME = saucialApp;
				PROVISIONING_PROFILE_SPECIFIER = "";
				SDKROOT = iphoneos;
				SWIFT_VERSION = 5.0;
				TARGETED_DEVICE_FAMILY = 1;
			};
			name = Debug;
		};
		3FC2DF3825F9D8380080D98F /* Release */ = {
			isa = XCBuildConfiguration;
			baseConfigurationReference = 3FF3C45F72DE1912A7DBA4AA /* Pods-saucialApp (iOS).release.xcconfig */;
			buildSettings = {
				ASSETCATALOG_COMPILER_APPICON_NAME = AppIcon;
				ASSETCATALOG_COMPILER_GLOBAL_ACCENT_COLOR_NAME = AccentColor;
				CODE_SIGN_IDENTITY = "Apple Development";
				CODE_SIGN_STYLE = Automatic;
				CURRENT_PROJECT_VERSION = 1;
				DEVELOPMENT_TEAM = 99FL75GE6T;
				ENABLE_PREVIEWS = YES;
				GCC_NO_COMMON_BLOCKS = YES;
				INFOPLIST_FILE = iOS/Info.plist;
				IPHONEOS_DEPLOYMENT_TARGET = 14.1;
				LD_RUNPATH_SEARCH_PATHS = (
					"$(inherited)",
					"@executable_path/Frameworks",
				);
				MARKETING_VERSION = 1.3;
				PRODUCT_BUNDLE_IDENTIFIER = com.kawayuta.saunastep;
				PRODUCT_NAME = saucialApp;
				PROVISIONING_PROFILE_SPECIFIER = "";
				SDKROOT = iphoneos;
				SWIFT_VERSION = 5.0;
				TARGETED_DEVICE_FAMILY = 1;
				VALIDATE_PRODUCT = YES;
			};
			name = Release;
		};
		3FC2DF3A25F9D8380080D98F /* Debug */ = {
			isa = XCBuildConfiguration;
			baseConfigurationReference = 81181B1383DC81F2A4AC81BC /* Pods-saucialApp (macOS).debug.xcconfig */;
			buildSettings = {
				ASSETCATALOG_COMPILER_APPICON_NAME = AppIcon;
				ASSETCATALOG_COMPILER_GLOBAL_ACCENT_COLOR_NAME = AccentColor;
				CODE_SIGN_ENTITLEMENTS = macOS/macOS.entitlements;
				CODE_SIGN_IDENTITY = "-";
				CODE_SIGN_STYLE = Automatic;
				COMBINE_HIDPI_IMAGES = YES;
				DEVELOPMENT_TEAM = 99FL75GE6T;
				ENABLE_HARDENED_RUNTIME = YES;
				ENABLE_PREVIEWS = YES;
				INFOPLIST_FILE = macOS/Info.plist;
				LD_RUNPATH_SEARCH_PATHS = (
					"$(inherited)",
					"@executable_path/../Frameworks",
				);
				MACOSX_DEPLOYMENT_TARGET = 11.0;
				PRODUCT_BUNDLE_IDENTIFIER = kawayuta.saucialApp;
				PRODUCT_NAME = saucialApp;
				SDKROOT = macosx;
				SWIFT_VERSION = 5.0;
			};
			name = Debug;
		};
		3FC2DF3B25F9D8380080D98F /* Release */ = {
			isa = XCBuildConfiguration;
			baseConfigurationReference = 6F145B4312E4E7EFEF55230B /* Pods-saucialApp (macOS).release.xcconfig */;
			buildSettings = {
				ASSETCATALOG_COMPILER_APPICON_NAME = AppIcon;
				ASSETCATALOG_COMPILER_GLOBAL_ACCENT_COLOR_NAME = AccentColor;
				CODE_SIGN_ENTITLEMENTS = macOS/macOS.entitlements;
				CODE_SIGN_IDENTITY = "-";
				CODE_SIGN_STYLE = Automatic;
				COMBINE_HIDPI_IMAGES = YES;
				DEVELOPMENT_TEAM = 99FL75GE6T;
				ENABLE_HARDENED_RUNTIME = YES;
				ENABLE_PREVIEWS = YES;
				INFOPLIST_FILE = macOS/Info.plist;
				LD_RUNPATH_SEARCH_PATHS = (
					"$(inherited)",
					"@executable_path/../Frameworks",
				);
				MACOSX_DEPLOYMENT_TARGET = 11.0;
				PRODUCT_BUNDLE_IDENTIFIER = kawayuta.saucialApp;
				PRODUCT_NAME = saucialApp;
				SDKROOT = macosx;
				SWIFT_VERSION = 5.0;
			};
			name = Release;
		};
		3FC2DF3D25F9D8380080D98F /* Debug */ = {
			isa = XCBuildConfiguration;
			buildSettings = {
				ALWAYS_EMBED_SWIFT_STANDARD_LIBRARIES = YES;
				CODE_SIGN_STYLE = Automatic;
				DEVELOPMENT_TEAM = 99FL75GE6T;
				INFOPLIST_FILE = "Tests iOS/Info.plist";
				IPHONEOS_DEPLOYMENT_TARGET = 14.4;
				LD_RUNPATH_SEARCH_PATHS = (
					"$(inherited)",
					"@executable_path/Frameworks",
					"@loader_path/Frameworks",
				);
				PRODUCT_BUNDLE_IDENTIFIER = "kawayuta.Tests-iOS";
				PRODUCT_NAME = "$(TARGET_NAME)";
				SDKROOT = iphoneos;
				SWIFT_VERSION = 5.0;
				TARGETED_DEVICE_FAMILY = "1,2";
				TEST_TARGET_NAME = "saucialApp (iOS)";
			};
			name = Debug;
		};
		3FC2DF3E25F9D8380080D98F /* Release */ = {
			isa = XCBuildConfiguration;
			buildSettings = {
				ALWAYS_EMBED_SWIFT_STANDARD_LIBRARIES = YES;
				CODE_SIGN_STYLE = Automatic;
				DEVELOPMENT_TEAM = 99FL75GE6T;
				INFOPLIST_FILE = "Tests iOS/Info.plist";
				IPHONEOS_DEPLOYMENT_TARGET = 14.4;
				LD_RUNPATH_SEARCH_PATHS = (
					"$(inherited)",
					"@executable_path/Frameworks",
					"@loader_path/Frameworks",
				);
				PRODUCT_BUNDLE_IDENTIFIER = "kawayuta.Tests-iOS";
				PRODUCT_NAME = "$(TARGET_NAME)";
				SDKROOT = iphoneos;
				SWIFT_VERSION = 5.0;
				TARGETED_DEVICE_FAMILY = "1,2";
				TEST_TARGET_NAME = "saucialApp (iOS)";
				VALIDATE_PRODUCT = YES;
			};
			name = Release;
		};
		3FC2DF4025F9D8380080D98F /* Debug */ = {
			isa = XCBuildConfiguration;
			buildSettings = {
				ALWAYS_EMBED_SWIFT_STANDARD_LIBRARIES = YES;
				CODE_SIGN_STYLE = Automatic;
				COMBINE_HIDPI_IMAGES = YES;
				DEVELOPMENT_TEAM = 99FL75GE6T;
				INFOPLIST_FILE = "Tests macOS/Info.plist";
				LD_RUNPATH_SEARCH_PATHS = (
					"$(inherited)",
					"@executable_path/../Frameworks",
					"@loader_path/../Frameworks",
				);
				MACOSX_DEPLOYMENT_TARGET = 11.1;
				PRODUCT_BUNDLE_IDENTIFIER = "kawayuta.Tests-macOS";
				PRODUCT_NAME = "$(TARGET_NAME)";
				SDKROOT = macosx;
				SWIFT_VERSION = 5.0;
				TEST_TARGET_NAME = "saucialApp (macOS)";
			};
			name = Debug;
		};
		3FC2DF4125F9D8380080D98F /* Release */ = {
			isa = XCBuildConfiguration;
			buildSettings = {
				ALWAYS_EMBED_SWIFT_STANDARD_LIBRARIES = YES;
				CODE_SIGN_STYLE = Automatic;
				COMBINE_HIDPI_IMAGES = YES;
				DEVELOPMENT_TEAM = 99FL75GE6T;
				INFOPLIST_FILE = "Tests macOS/Info.plist";
				LD_RUNPATH_SEARCH_PATHS = (
					"$(inherited)",
					"@executable_path/../Frameworks",
					"@loader_path/../Frameworks",
				);
				MACOSX_DEPLOYMENT_TARGET = 11.1;
				PRODUCT_BUNDLE_IDENTIFIER = "kawayuta.Tests-macOS";
				PRODUCT_NAME = "$(TARGET_NAME)";
				SDKROOT = macosx;
				SWIFT_VERSION = 5.0;
				TEST_TARGET_NAME = "saucialApp (macOS)";
			};
			name = Release;
		};
/* End XCBuildConfiguration section */

/* Begin XCConfigurationList section */
		3FC2DF0325F9D8350080D98F /* Build configuration list for PBXProject "saucialApp" */ = {
			isa = XCConfigurationList;
			buildConfigurations = (
				3FC2DF3425F9D8380080D98F /* Debug */,
				3FC2DF3525F9D8380080D98F /* Release */,
			);
			defaultConfigurationIsVisible = 0;
			defaultConfigurationName = Release;
		};
		3FC2DF3625F9D8380080D98F /* Build configuration list for PBXNativeTarget "saucialApp (iOS)" */ = {
			isa = XCConfigurationList;
			buildConfigurations = (
				3FC2DF3725F9D8380080D98F /* Debug */,
				3FC2DF3825F9D8380080D98F /* Release */,
			);
			defaultConfigurationIsVisible = 0;
			defaultConfigurationName = Release;
		};
		3FC2DF3925F9D8380080D98F /* Build configuration list for PBXNativeTarget "saucialApp (macOS)" */ = {
			isa = XCConfigurationList;
			buildConfigurations = (
				3FC2DF3A25F9D8380080D98F /* Debug */,
				3FC2DF3B25F9D8380080D98F /* Release */,
			);
			defaultConfigurationIsVisible = 0;
			defaultConfigurationName = Release;
		};
		3FC2DF3C25F9D8380080D98F /* Build configuration list for PBXNativeTarget "Tests iOS" */ = {
			isa = XCConfigurationList;
			buildConfigurations = (
				3FC2DF3D25F9D8380080D98F /* Debug */,
				3FC2DF3E25F9D8380080D98F /* Release */,
			);
			defaultConfigurationIsVisible = 0;
			defaultConfigurationName = Release;
		};
		3FC2DF3F25F9D8380080D98F /* Build configuration list for PBXNativeTarget "Tests macOS" */ = {
			isa = XCConfigurationList;
			buildConfigurations = (
				3FC2DF4025F9D8380080D98F /* Debug */,
				3FC2DF4125F9D8380080D98F /* Release */,
			);
			defaultConfigurationIsVisible = 0;
			defaultConfigurationName = Release;
		};
/* End XCConfigurationList section */

/* Begin XCRemoteSwiftPackageReference section */
		3F52CF5B262DAA2500899162 /* XCRemoteSwiftPackageReference "Instantiate" */ = {
			isa = XCRemoteSwiftPackageReference;
			repositoryURL = "https://github.com/tarunon/Instantiate.git";
			requirement = {
				kind = upToNextMajorVersion;
				minimumVersion = 4.0.1;
			};
		};
		3F72BCE7260F9D170076BE7F /* XCRemoteSwiftPackageReference "SwiftUIPager" */ = {
			isa = XCRemoteSwiftPackageReference;
			repositoryURL = "https://github.com/fermoya/SwiftUIPager.git";
			requirement = {
				kind = upToNextMajorVersion;
				minimumVersion = 2.1.0;
			};
		};
		3F72BD8A2610325A0076BE7F /* XCRemoteSwiftPackageReference "Cluster" */ = {
			isa = XCRemoteSwiftPackageReference;
			repositoryURL = "https://github.com/efremidze/Cluster.git";
			requirement = {
				kind = upToNextMajorVersion;
				minimumVersion = 3.0.3;
			};
		};
		3F72BD9926103DD30076BE7F /* XCRemoteSwiftPackageReference "neumorphic" */ = {
			isa = XCRemoteSwiftPackageReference;
			repositoryURL = "https://github.com/costachung/neumorphic/";
			requirement = {
				kind = upToNextMajorVersion;
				minimumVersion = 2.0.5;
			};
		};
		3F99420A2609343D0078888C /* XCRemoteSwiftPackageReference "URLQueryItemsCoder" */ = {
			isa = XCRemoteSwiftPackageReference;
			repositoryURL = "https://github.com/malt03/URLQueryItemsCoder.git";
			requirement = {
				kind = upToNextMajorVersion;
				minimumVersion = 0.0.2;
			};
		};
		3F994218260958AE0078888C /* XCRemoteSwiftPackageReference "GoogleMapsTileOverlay" */ = {
			isa = XCRemoteSwiftPackageReference;
			repositoryURL = "https://github.com/thepeaklab/GoogleMapsTileOverlay.git";
			requirement = {
				kind = upToNextMajorVersion;
				minimumVersion = 0.5.0;
			};
		};
		3F99423C260BF2AC0078888C /* XCRemoteSwiftPackageReference "KeyboardObserving" */ = {
			isa = XCRemoteSwiftPackageReference;
			repositoryURL = "https://github.com/nickffox/KeyboardObserving.git";
			requirement = {
				kind = upToNextMajorVersion;
				minimumVersion = 0.3.0;
			};
		};
		3FABDFEC2628823300B0B09A /* XCRemoteSwiftPackageReference "RxSwift" */ = {
			isa = XCRemoteSwiftPackageReference;
			repositoryURL = "https://github.com/ReactiveX/RxSwift.git";
			requirement = {
				kind = upToNextMajorVersion;
				minimumVersion = 6.1.0;
			};
		};
		3FD3D12425FBD21200748910 /* XCRemoteSwiftPackageReference "PartialSheet" */ = {
			isa = XCRemoteSwiftPackageReference;
			repositoryURL = "https://github.com/AndreaMiotto/PartialSheet.git";
			requirement = {
				kind = upToNextMajorVersion;
				minimumVersion = 2.1.11;
			};
		};
		3FD3D13625FBE1FF00748910 /* XCRemoteSwiftPackageReference "SwiftUIX" */ = {
			isa = XCRemoteSwiftPackageReference;
			repositoryURL = "https://github.com/SwiftUIX/SwiftUIX.git";
			requirement = {
				kind = upToNextMajorVersion;
				minimumVersion = 0.0.5;
			};
		};
/* End XCRemoteSwiftPackageReference section */

/* Begin XCSwiftPackageProductDependency section */
		3F52CF5C262DAA2500899162 /* Instantiate */ = {
			isa = XCSwiftPackageProductDependency;
			package = 3F52CF5B262DAA2500899162 /* XCRemoteSwiftPackageReference "Instantiate" */;
			productName = Instantiate;
		};
		3F52CF5E262DAA2500899162 /* InstantiateStandard */ = {
			isa = XCSwiftPackageProductDependency;
			package = 3F52CF5B262DAA2500899162 /* XCRemoteSwiftPackageReference "Instantiate" */;
			productName = InstantiateStandard;
		};
		3F72BCE8260F9D170076BE7F /* SwiftUIPager */ = {
			isa = XCSwiftPackageProductDependency;
			package = 3F72BCE7260F9D170076BE7F /* XCRemoteSwiftPackageReference "SwiftUIPager" */;
			productName = SwiftUIPager;
		};
		3F72BD8B2610325A0076BE7F /* Cluster */ = {
			isa = XCSwiftPackageProductDependency;
			package = 3F72BD8A2610325A0076BE7F /* XCRemoteSwiftPackageReference "Cluster" */;
			productName = Cluster;
		};
		3F72BD9A26103DD30076BE7F /* Neumorphic */ = {
			isa = XCSwiftPackageProductDependency;
			package = 3F72BD9926103DD30076BE7F /* XCRemoteSwiftPackageReference "neumorphic" */;
			productName = Neumorphic;
		};
		3F99420B2609343D0078888C /* URLQueryItemsCoder */ = {
			isa = XCSwiftPackageProductDependency;
			package = 3F99420A2609343D0078888C /* XCRemoteSwiftPackageReference "URLQueryItemsCoder" */;
			productName = URLQueryItemsCoder;
		};
		3F994219260958AE0078888C /* GoogleMapsTileOverlay */ = {
			isa = XCSwiftPackageProductDependency;
			package = 3F994218260958AE0078888C /* XCRemoteSwiftPackageReference "GoogleMapsTileOverlay" */;
			productName = GoogleMapsTileOverlay;
		};
		3F99423D260BF2AC0078888C /* KeyboardObserving */ = {
			isa = XCSwiftPackageProductDependency;
			package = 3F99423C260BF2AC0078888C /* XCRemoteSwiftPackageReference "KeyboardObserving" */;
			productName = KeyboardObserving;
		};
		3FABDFED2628823300B0B09A /* RxSwift */ = {
			isa = XCSwiftPackageProductDependency;
			package = 3FABDFEC2628823300B0B09A /* XCRemoteSwiftPackageReference "RxSwift" */;
			productName = RxSwift;
		};
		3FABDFEF2628823300B0B09A /* RxRelay */ = {
			isa = XCSwiftPackageProductDependency;
			package = 3FABDFEC2628823300B0B09A /* XCRemoteSwiftPackageReference "RxSwift" */;
			productName = RxRelay;
		};
		3FABDFF12628823300B0B09A /* RxCocoa */ = {
			isa = XCSwiftPackageProductDependency;
			package = 3FABDFEC2628823300B0B09A /* XCRemoteSwiftPackageReference "RxSwift" */;
			productName = RxCocoa;
		};
		3FABDFF32628823300B0B09A /* RxBlocking */ = {
			isa = XCSwiftPackageProductDependency;
			package = 3FABDFEC2628823300B0B09A /* XCRemoteSwiftPackageReference "RxSwift" */;
			productName = RxBlocking;
		};
		3FD3D12525FBD21200748910 /* PartialSheet */ = {
			isa = XCSwiftPackageProductDependency;
			package = 3FD3D12425FBD21200748910 /* XCRemoteSwiftPackageReference "PartialSheet" */;
			productName = PartialSheet;
		};
		3FD3D13725FBE1FF00748910 /* SwiftUIX */ = {
			isa = XCSwiftPackageProductDependency;
			package = 3FD3D13625FBE1FF00748910 /* XCRemoteSwiftPackageReference "SwiftUIX" */;
			productName = SwiftUIX;
		};
/* End XCSwiftPackageProductDependency section */
	};
	rootObject = 3FC2DF0025F9D8350080D98F /* Project object */;
}
