{
  "object": {
    "pins": [
      {
        "package": "SwiftUICharts",
        "repositoryURL": "https://github.com/AppPear/ChartView",
        "state": {
          "branch": null,
          "revision": "9115a992c91fa19cbb4f2241084240d38654a1fc",
          "version": "1.5.5"
        }
      },
      {
        "package": "Cluster",
        "repositoryURL": "https://github.com/efremidze/Cluster.git",
        "state": {
          "branch": null,
          "revision": "3c70568c779456355895adf354a01e7fe5440ebf",
          "version": "3.0.3"
        }
      },
      {
        "package": "GoogleMapsTileOverlay",
        "repositoryURL": "https://github.com/thepeaklab/GoogleMapsTileOverlay.git",
        "state": {
          "branch": null,
          "revision": "a31bd418be8e49b7b118d93f1e79b3a91407e82a",
          "version": "0.5.0"
        }
      },
      {
        "package": "KeyboardObserving",
        "repositoryURL": "https://github.com/nickffox/KeyboardObserving.git",
        "state": {
          "branch": null,
          "revision": "26c0c913c11f0ee77006740ca1d8b478d222184f",
          "version": "0.3.0"
        }
      },
      {
        "package": "Neumorphic",
        "repositoryURL": "https://github.com/costachung/neumorphic/",
        "state": {
          "branch": null,
          "revision": "3fa56e844a5e375ff3d38e3c770886bcc949f6f5",
          "version": "2.0.5"
        }
      },
      {
        "package": "PartialSheet",
        "repositoryURL": "https://github.com/AndreaMiotto/PartialSheet.git",
        "state": {
          "branch": null,
          "revision": "936465232b6399e402e79d5b031622af9a5e9960",
          "version": "2.1.11"
        }
      },
      {
        "package": "RefreshableScrollView",
        "repositoryURL": "https://github.com/phuhuynh2411/RefreshableScrollView.git",
        "state": {
          "branch": null,
          "revision": "e06edf5dc4facc7fbf71179e8a94f0d1c7035ce3",
          "version": "1.1.1"
        }
      },
      {
        "package": "RxSwift",
        "repositoryURL": "https://github.com/ReactiveX/RxSwift.git",
        "state": {
          "branch": null,
          "revision": "7e01c05f25c025143073eaa3be3532f9375c614b",
          "version": "6.1.0"
        }
      },
      {
        "package": "SwiftUIPager",
        "repositoryURL": "https://github.com/fermoya/SwiftUIPager.git",
        "state": {
          "branch": null,
          "revision": "80a31d0e6d95f7216eb7bfe16f66d8b533fe857b",
          "version": "2.2.0"
        }
      },
      {
        "package": "SwiftUIX",
        "repositoryURL": "https://github.com/SwiftUIX/SwiftUIX.git",
        "state": {
          "branch": null,
          "revision": "e0fd9ff48354a447d5dccdb4b485a69b63688e48",
          "version": "0.0.6"
        }
      },
      {
        "package": "URLQueryItemsCoder",
        "repositoryURL": "https://github.com/malt03/URLQueryItemsCoder.git",
        "state": {
          "branch": null,
          "revision": "dd155936ac17630cdb0f5727eab650badafbaa2c",
          "version": "0.0.2"
        }
      }
    ]
  },
  "version": 1
}
